
Microsoft Visual Studio Solution File, Format Version 12.00
# Visual Studio 2013
VisualStudioVersion = 12.0.21005.1
MinimumVisualStudioVersion = 10.0.40219.1
Project("{FAE04EC0-301F-11D3-BF4B-00C04F79EFBC}") = "Notify", "Notify\Notify.csproj", "{00C438BF-A3E7-4048-B7EE-A154B2B73EC6}"
EndProject
Project("{FAE04EC0-301F-11D3-BF4B-00C04F79EFBC}") = "Notify.Tests", "Notify.Tests\Notify.Tests.csproj", "{668BC73F-9A95-4BC2-91E6-EA63D24AADAD}"
EndProject
Project("{2150E333-8FDC-42A3-9474-1A3956D46DE8}") = ".nuget", ".nuget", "{6F2152AD-5816-441B-91FA-86BE99DEC348}"
	ProjectSection(SolutionItems) = preProject
		.nuget\NuGet.Config = .nuget\NuGet.Config
		.nuget\NuGet.exe = .nuget\NuGet.exe
		.nuget\NuGet.targets = .nuget\NuGet.targets
	EndProjectSection
EndProject
Global
	GlobalSection(SolutionConfigurationPlatforms) = preSolution
		Debug|Any CPU = Debug|Any CPU
		Release|Any CPU = Release|Any CPU
	EndGlobalSection
	GlobalSection(ProjectConfigurationPlatforms) = postSolution
		{00C438BF-A3E7-4048-B7EE-A154B2B73EC6}.Debug|Any CPU.ActiveCfg = Debug|Any CPU
		{00C438BF-A3E7-4048-B7EE-A154B2B73EC6}.Debug|Any CPU.Build.0 = Debug|Any CPU
		{00C438BF-A3E7-4048-B7EE-A154B2B73EC6}.Release|Any CPU.ActiveCfg = Release|Any CPU
		{00C438BF-A3E7-4048-B7EE-A154B2B73EC6}.Release|Any CPU.Build.0 = Release|Any CPU
		{668BC73F-9A95-4BC2-91E6-EA63D24AADAD}.Debug|Any CPU.ActiveCfg = Debug|Any CPU
		{668BC73F-9A95-4BC2-91E6-EA63D24AADAD}.Debug|Any CPU.Build.0 = Debug|Any CPU
		{668BC73F-9A95-4BC2-91E6-EA63D24AADAD}.Release|Any CPU.ActiveCfg = Release|Any CPU
		{668BC73F-9A95-4BC2-91E6-EA63D24AADAD}.Release|Any CPU.Build.0 = Release|Any CPU
	EndGlobalSection
	GlobalSection(SolutionProperties) = preSolution
		HideSolutionNode = FALSE
	EndGlobalSection
EndGlobal
